def is_prime(num):
    return num > 1 and all(num % i != 0 for i in range(2, int(num**0.5) + 1))

def generate_primes(count):
    num = 2
    while count > 0:
        if is_prime(num):
            yield num
            count -= 1
        num += 1

# Generate the first 5 prime numbers
prime_generator = generate_primes(5)
prime_numbers = list(prime_generator)

print("First 5 prime numbers:", prime_numbers)
